{
  "lib/forge-std": {
    "rev": "b3bc8b154382a75d0b0ef22d7fd4a0a5f0feee0e"
  },
  "lib/openzeppelin-contracts": {
    "rev": "74edc4baff50b93c06977021ee9ba25987803291"
  },
  "lib/v4-core": {
    "rev": "46c6834698c48bc4a463a86d8420f4eb1d7f3b75"
  },
  "lib/v4-periphery": {
    "rev": "9dafaaecc1e2e1e824eda9d941085f96517d827b"
  }
}
